// !$*UTF8*$!
{
	archiveVersion = 1;
	classes = {
	};
	objectVersion = 48;
	objects = {

/* Begin PBXBuildFile section */
		A344B8FC2043448C00565009 /* main.swift in Sources */ = {isa = PBXBuildFile; fileRef = A344B8FB2043448C00565009 /* main.swift */; };
		A344B8FF204344A300565009 /* Rectangle.cpp in Sources */ = {isa = PBXBuildFile; fileRef = A344B8FD204344A300565009 /* Rectangle.cpp */; };
		A344B9072043466E00565009 /* RectangleWrapper.mm in Sources */ = {isa = PBXBuildFile; fileRef = A344B9062043466E00565009 /* RectangleWrapper.mm */; };
		A344B90C2043529A00565009 /* Logger.swift in Sources */ = {isa = PBXBuildFile; fileRef = A344B90B2043529A00565009 /* Logger.swift */; };
		A344B90F204353A600565009 /* LoggerWrapper.mm in Sources */ = {isa = PBXBuildFile; fileRef = A344B90E204353A600565009 /* LoggerWrapper.mm */; };
/* End PBXBuildFile section */

/* Begin PBXCopyFilesBuildPhase section */
		A344B8EE2043447700565009 /* CopyFiles */ = {
			isa = PBXCopyFilesBuildPhase;
			buildActionMask = 2147483647;
			dstPath = /usr/share/man/man1/;
			dstSubfolderSpec = 0;
			files = (
			);
			runOnlyForDeploymentPostprocessing = 1;
		};
/* End PBXCopyFilesBuildPhase section */

/* Begin PBXFileReference section */
		A344B8F02043447700565009 /* SwiftInterop */ = {isa = PBXFileReference; explicitFileType = "compiled.mach-o.executable"; includeInIndex = 0; path = SwiftInterop; sourceTree = BUILT_PRODUCTS_DIR; };
		A344B8FA2043448B00565009 /* SwiftInterop-Bridging-Header.h */ = {isa = PBXFileReference; lastKnownFileType = sourcecode.c.h; path = "SwiftInterop-Bridging-Header.h"; sourceTree = "<group>"; };
		A344B8FB2043448C00565009 /* main.swift */ = {isa = PBXFileReference; lastKnownFileType = sourcecode.swift; path = main.swift; sourceTree = "<group>"; };
		A344B8FD204344A300565009 /* Rectangle.cpp */ = {isa = PBXFileReference; lastKnownFileType = sourcecode.cpp.cpp; path = Rectangle.cpp; sourceTree = "<group>"; };
		A344B8FE204344A300565009 /* Rectangle.hpp */ = {isa = PBXFileReference; lastKnownFileType = sourcecode.cpp.h; path = Rectangle.hpp; sourceTree = "<group>"; };
		A344B9052043466E00565009 /* RectangleWrapper.hpp */ = {isa = PBXFileReference; lastKnownFileType = sourcecode.cpp.h; path = RectangleWrapper.hpp; sourceTree = "<group>"; };
		A344B9062043466E00565009 /* RectangleWrapper.mm */ = {isa = PBXFileReference; lastKnownFileType = sourcecode.cpp.objcpp; path = RectangleWrapper.mm; sourceTree = "<group>"; };
		A344B90B2043529A00565009 /* Logger.swift */ = {isa = PBXFileReference; lastKnownFileType = sourcecode.swift; path = Logger.swift; sourceTree = "<group>"; };
		A344B90D204353A600565009 /* LoggerWrapper.hpp */ = {isa = PBXFileReference; lastKnownFileType = sourcecode.cpp.h; path = LoggerWrapper.hpp; sourceTree = "<group>"; };
		A344B90E204353A600565009 /* LoggerWrapper.mm */ = {isa = PBXFileReference; lastKnownFileType = sourcecode.cpp.objcpp; path = LoggerWrapper.mm; sourceTree = "<group>"; };
		A344B9102043585B00565009 /* LoggerWrapper-Interface.h */ = {isa = PBXFileReference; lastKnownFileType = sourcecode.c.h; path = "LoggerWrapper-Interface.h"; sourceTree = "<group>"; };
/* End PBXFileReference section */

/* Begin PBXFrameworksBuildPhase section */
		A344B8ED2043447700565009 /* Frameworks */ = {
			isa = PBXFrameworksBuildPhase;
			buildActionMask = 2147483647;
			files = (
			);
			runOnlyForDeploymentPostprocessing = 0;
		};
/* End PBXFrameworksBuildPhase section */

/* Begin PBXGroup section */
		A344B8E72043447700565009 = {
			isa = PBXGroup;
			children = (
				A344B90920434E6600565009 /* Wrappers */,
				A344B90820434DCF00565009 /* Native */,
				A344B8F22043447700565009 /* Swift */,
				A344B8F12043447700565009 /* Products */,
			);
			sourceTree = "<group>";
		};
		A344B8F12043447700565009 /* Products */ = {
			isa = PBXGroup;
			children = (
				A344B8F02043447700565009 /* SwiftInterop */,
			);
			name = Products;
			sourceTree = "<group>";
		};
		A344B8F22043447700565009 /* Swift */ = {
			isa = PBXGroup;
			children = (
				A344B8FB2043448C00565009 /* main.swift */,
				A344B8FA2043448B00565009 /* SwiftInterop-Bridging-Header.h */,
				A344B90B2043529A00565009 /* Logger.swift */,
			);
			path = Swift;
			sourceTree = "<group>";
		};
		A344B90820434DCF00565009 /* Native */ = {
			isa = PBXGroup;
			children = (
				A344B8FD204344A300565009 /* Rectangle.cpp */,
				A344B8FE204344A300565009 /* Rectangle.hpp */,
				A344B9102043585B00565009 /* LoggerWrapper-Interface.h */,
			);
			path = Native;
			sourceTree = "<group>";
		};
		A344B90920434E6600565009 /* Wrappers */ = {
			isa = PBXGroup;
			children = (
				A344B9052043466E00565009 /* RectangleWrapper.hpp */,
				A344B9062043466E00565009 /* RectangleWrapper.mm */,
				A344B90D204353A600565009 /* LoggerWrapper.hpp */,
				A344B90E204353A600565009 /* LoggerWrapper.mm */,
			);
			path = Wrappers;
			sourceTree = "<group>";
		};
/* End PBXGroup section */

/* Begin PBXNativeTarget section */
		A344B8EF2043447700565009 /* SwiftInterop */ = {
			isa = PBXNativeTarget;
			buildConfigurationList = A344B8F72043447700565009 /* Build configuration list for PBXNativeTarget "SwiftInterop" */;
			buildPhases = (
				A344B8EC2043447700565009 /* Sources */,
				A344B8ED2043447700565009 /* Frameworks */,
				A344B8EE2043447700565009 /* CopyFiles */,
			);
			buildRules = (
			);
			dependencies = (
			);
			name = SwiftInterop;
			productName = interop;
			productReference = A344B8F02043447700565009 /* SwiftInterop */;
			productType = "com.apple.product-type.tool";
		};
/* End PBXNativeTarget section */

/* Begin PBXProject section */
		A344B8E82043447700565009 /* Project object */ = {
			isa = PBXProject;
			attributes = {
				LastUpgradeCheck = 0920;
				ORGANIZATIONNAME = Sunil;
				TargetAttributes = {
					A344B8EF2043447700565009 = {
						CreatedOnToolsVersion = 9.2;
						LastSwiftMigration = 0920;
						ProvisioningStyle = Automatic;
					};
				};
			};
			buildConfigurationList = A344B8EB2043447700565009 /* Build configuration list for PBXProject "SwiftInterop" */;
			compatibilityVersion = "Xcode 8.0";
			developmentRegion = en;
			hasScannedForEncodings = 0;
			knownRegions = (
				en,
			);
			mainGroup = A344B8E72043447700565009;
			productRefGroup = A344B8F12043447700565009 /* Products */;
			projectDirPath = "";
			projectRoot = "";
			targets = (
				A344B8EF2043447700565009 /* SwiftInterop */,
			);
		};
/* End PBXProject section */

/* Begin PBXSourcesBuildPhase section */
		A344B8EC2043447700565009 /* Sources */ = {
			isa = PBXSourcesBuildPhase;
			buildActionMask = 2147483647;
			files = (
				A344B9072043466E00565009 /* RectangleWrapper.mm in Sources */,
				A344B8FC2043448C00565009 /* main.swift in Sources */,
				A344B90F204353A600565009 /* LoggerWrapper.mm in Sources */,
				A344B8FF204344A300565009 /* Rectangle.cpp in Sources */,
				A344B90C2043529A00565009 /* Logger.swift in Sources */,
			);
			runOnlyForDeploymentPostprocessing = 0;
		};
/* End PBXSourcesBuildPhase section */

/* Begin XCBuildConfiguration section */
		A344B8F52043447700565009 /* Debug */ = {
			isa = XCBuildConfiguration;
			buildSettings = {
				ALWAYS_SEARCH_USER_PATHS = NO;
				CLANG_ANALYZER_NONNULL = YES;
				CLANG_ANALYZER_NUMBER_OBJECT_CONVERSION = YES_AGGRESSIVE;
				CLANG_CXX_LANGUAGE_STANDARD = "gnu++14";
				CLANG_CXX_LIBRARY = "libc++";
				CLANG_ENABLE_MODULES = YES;
				CLANG_ENABLE_OBJC_ARC = YES;
				CLANG_WARN_BLOCK_CAPTURE_AUTORELEASING = YES;
				CLANG_WARN_BOOL_CONVERSION = YES;
				CLANG_WARN_COMMA = YES;
				CLANG_WARN_CONSTANT_CONVERSION = YES;
				CLANG_WARN_DIRECT_OBJC_ISA_USAGE = YES_ERROR;
				CLANG_WARN_DOCUMENTATION_COMMENTS = YES;
				CLANG_WARN_EMPTY_BODY = YES;
				CLANG_WARN_ENUM_CONVERSION = YES;
				CLANG_WARN_INFINITE_RECURSION = YES;
				CLANG_WARN_INT_CONVERSION = YES;
				CLANG_WARN_NON_LITERAL_NULL_CONVERSION = YES;
				CLANG_WARN_OBJC_LITERAL_CONVERSION = YES;
				CLANG_WARN_OBJC_ROOT_CLASS = YES_ERROR;
				CLANG_WARN_RANGE_LOOP_ANALYSIS = YES;
				CLANG_WARN_STRICT_PROTOTYPES = YES;
				CLANG_WARN_SUSPICIOUS_MOVE = YES;
				CLANG_WARN_UNGUARDED_AVAILABILITY = YES_AGGRESSIVE;
				CLANG_WARN_UNREACHABLE_CODE = YES;
				CLANG_WARN__DUPLICATE_METHOD_MATCH = YES;
				CODE_SIGN_IDENTITY = "-";
				COPY_PHASE_STRIP = NO;
				DEBUG_INFORMATION_FORMAT = dwarf;
				ENABLE_STRICT_OBJC_MSGSEND = YES;
				ENABLE_TESTABILITY = YES;
				GCC_C_LANGUAGE_STANDARD = gnu11;
				GCC_DYNAMIC_NO_PIC = NO;
				GCC_NO_COMMON_BLOCKS = YES;
				GCC_OPTIMIZATION_LEVEL = 0;
				GCC_PREPROCESSOR_DEFINITIONS = (
					"DEBUG=1",
					"$(inherited)",
				);
				GCC_WARN_64_TO_32_BIT_CONVERSION = YES;
				GCC_WARN_ABOUT_RETURN_TYPE = YES_ERROR;
				GCC_WARN_UNDECLARED_SELECTOR = YES;
				GCC_WARN_UNINITIALIZED_AUTOS = YES_AGGRESSIVE;
				GCC_WARN_UNUSED_FUNCTION = YES;
				GCC_WARN_UNUSED_VARIABLE = YES;
				MACOSX_DEPLOYMENT_TARGET = 10.13;
				MTL_ENABLE_DEBUG_INFO = YES;
				ONLY_ACTIVE_ARCH = YES;
				SDKROOT = macosx;
			};
			name = Debug;
		};
		A344B8F62043447700565009 /* Release */ = {
			isa = XCBuildConfiguration;
			buildSettings = {
				ALWAYS_SEARCH_USER_PATHS = NO;
				CLANG_ANALYZER_NONNULL = YES;
				CLANG_ANALYZER_NUMBER_OBJECT_CONVERSION = YES_AGGRESSIVE;
				CLANG_CXX_LANGUAGE_STANDARD = "gnu++14";
				CLANG_CXX_LIBRARY = "libc++";
				CLANG_ENABLE_MODULES = YES;
				CLANG_ENABLE_OBJC_ARC = YES;
				CLANG_WARN_BLOCK_CAPTURE_AUTORELEASING = YES;
				CLANG_WARN_BOOL_CONVERSION = YES;
				CLANG_WARN_COMMA = YES;
				CLANG_WARN_CONSTANT_CONVERSION = YES;
				CLANG_WARN_DIRECT_OBJC_ISA_USAGE = YES_ERROR;
				CLANG_WARN_DOCUMENTATION_COMMENTS = YES;
				CLANG_WARN_EMPTY_BODY = YES;
				CLANG_WARN_ENUM_CONVERSION = YES;
				CLANG_WARN_INFINITE_RECURSION = YES;
				CLANG_WARN_INT_CONVERSION = YES;
				CLANG_WARN_NON_LITERAL_NULL_CONVERSION = YES;
				CLANG_WARN_OBJC_LITERAL_CONVERSION = YES;
				CLANG_WARN_OBJC_ROOT_CLASS = YES_ERROR;
				CLANG_WARN_RANGE_LOOP_ANALYSIS = YES;
				CLANG_WARN_STRICT_PROTOTYPES = YES;
				CLANG_WARN_SUSPICIOUS_MOVE = YES;
				CLANG_WARN_UNGUARDED_AVAILABILITY = YES_AGGRESSIVE;
				CLANG_WARN_UNREACHABLE_CODE = YES;
				CLANG_WARN__DUPLICATE_METHOD_MATCH = YES;
				CODE_SIGN_IDENTITY = "-";
				COPY_PHASE_STRIP = NO;
				DEBUG_INFORMATION_FORMAT = "dwarf-with-dsym";
				ENABLE_NS_ASSERTIONS = NO;
				ENABLE_STRICT_OBJC_MSGSEND = YES;
				GCC_C_LANGUAGE_STANDARD = gnu11;
				GCC_NO_COMMON_BLOCKS = YES;
				GCC_WARN_64_TO_32_BIT_CONVERSION = YES;
				GCC_WARN_ABOUT_RETURN_TYPE = YES_ERROR;
				GCC_WARN_UNDECLARED_SELECTOR = YES;
				GCC_WARN_UNINITIALIZED_AUTOS = YES_AGGRESSIVE;
				GCC_WARN_UNUSED_FUNCTION = YES;
				GCC_WARN_UNUSED_VARIABLE = YES;
				MACOSX_DEPLOYMENT_TARGET = 10.13;
				MTL_ENABLE_DEBUG_INFO = NO;
				SDKROOT = macosx;
			};
			name = Release;
		};
		A344B8F82043447700565009 /* Debug */ = {
			isa = XCBuildConfiguration;
			buildSettings = {
				CLANG_ENABLE_MODULES = YES;
				CODE_SIGN_STYLE = Automatic;
				LD_RUNPATH_SEARCH_PATHS = "$(inherited) @executable_path/../Frameworks @loader_path/../Frameworks";
				PRODUCT_NAME = "$(TARGET_NAME)";
				SWIFT_OBJC_BRIDGING_HEADER = "Swift/SwiftInterop-Bridging-Header.h";
				SWIFT_OPTIMIZATION_LEVEL = "-Onone";
				SWIFT_VERSION = 3.0;
			};
			name = Debug;
		};
		A344B8F92043447700565009 /* Release */ = {
			isa = XCBuildConfiguration;
			buildSettings = {
				CLANG_ENABLE_MODULES = YES;
				CODE_SIGN_STYLE = Automatic;
				LD_RUNPATH_SEARCH_PATHS = "$(inherited) @executable_path/../Frameworks @loader_path/../Frameworks";
				PRODUCT_NAME = "$(TARGET_NAME)";
				SWIFT_OBJC_BRIDGING_HEADER = "Swift/SwiftInterop-Bridging-Header.h";
				SWIFT_VERSION = 3.0;
			};
			name = Release;
		};
/* End XCBuildConfiguration section */

/* Begin XCConfigurationList section */
		A344B8EB2043447700565009 /* Build configuration list for PBXProject "SwiftInterop" */ = {
			isa = XCConfigurationList;
			buildConfigurations = (
				A344B8F52043447700565009 /* Debug */,
				A344B8F62043447700565009 /* Release */,
			);
			defaultConfigurationIsVisible = 0;
			defaultConfigurationName = Release;
		};
		A344B8F72043447700565009 /* Build configuration list for PBXNativeTarget "SwiftInterop" */ = {
			isa = XCConfigurationList;
			buildConfigurations = (
				A344B8F82043447700565009 /* Debug */,
				A344B8F92043447700565009 /* Release */,
			);
			defaultConfigurationIsVisible = 0;
			defaultConfigurationName = Release;
		};
/* End XCConfigurationList section */
	};
	rootObject = A344B8E82043447700565009 /* Project object */;
}
